// !$*UTF8*$!
{
	archiveVersion = 1;
	classes = {
	};
	objectVersion = 52;
	objects = {

/* Begin PBXBuildFile section */
		5B2961E0CA496B08B76DE793 /* ManageDatasheetView.swift in Sources */ = {isa = PBXBuildFile; fileRef = 5B2963E1A1CBE357DB415326 /* ManageDatasheetView.swift */; };
		5B2963FAC60AE40E9FCC6EBE /* FixedExpensesView.swift in Sources */ = {isa = PBXBuildFile; fileRef = 5B29606CC2FD27C3A633913B /* FixedExpensesView.swift */; };
		D92A82C224F145A800ED30BF /* ProfileView.swift in Sources */ = {isa = PBXBuildFile; fileRef = D92A82C124F145A800ED30BF /* ProfileView.swift */; };
		D92A82C424F1601200ED30BF /* BaseFormView.swift in Sources */ = {isa = PBXBuildFile; fileRef = D92A82C324F1601200ED30BF /* BaseFormView.swift */; };
		D93257432506982100FA311E /* SwiftUIRefresh in Frameworks */ = {isa = PBXBuildFile; productRef = D93257422506982100FA311E /* SwiftUIRefresh */; };
		D950894F24D5568800D30648 /* ContentViewV2.swift in Sources */ = {isa = PBXBuildFile; fileRef = D950894E24D5568800D30648 /* ContentViewV2.swift */; };
		D950895124D5570000D30648 /* FinanceView.swift in Sources */ = {isa = PBXBuildFile; fileRef = D950895024D5570000D30648 /* FinanceView.swift */; };
		D954AC1E25178D0200CE6A02 /* Banner.swift in Sources */ = {isa = PBXBuildFile; fileRef = D954AC1D25178D0200CE6A02 /* Banner.swift */; };
		D962EA5C24F53DA400D4F521 /* ManageFixedExpenses.swift in Sources */ = {isa = PBXBuildFile; fileRef = D962EA5B24F53DA400D4F521 /* ManageFixedExpenses.swift */; };
		D9663B6F24FBADA400EFCCD5 /* Alamofire in Frameworks */ = {isa = PBXBuildFile; productRef = D9C59D5E2470728000569FC8 /* Alamofire */; };
		D9663B7024FBADA400EFCCD5 /* Data in Frameworks */ = {isa = PBXBuildFile; productRef = D9F8D6F0247179E6004F43FF /* Data */; };
		D9663B7224FBADD100EFCCD5 /* DatasheetsView.swift in Sources */ = {isa = PBXBuildFile; fileRef = D9663B7124FBADD100EFCCD5 /* DatasheetsView.swift */; };
		D9663B7524FBB0E000EFCCD5 /* BaseView.swift in Sources */ = {isa = PBXBuildFile; fileRef = D9663B7424FBB0E000EFCCD5 /* BaseView.swift */; };
		D9663B7824FBBB7400EFCCD5 /* ASCollectionView in Frameworks */ = {isa = PBXBuildFile; productRef = D9663B7724FBBB7400EFCCD5 /* ASCollectionView */; };
		D9874DA3247A766D0018B243 /* ViewExtensions.swift in Sources */ = {isa = PBXBuildFile; fileRef = D9874DA2247A766D0018B243 /* ViewExtensions.swift */; };
		D9904F9425039EF4005159CD /* ProductsView.swift in Sources */ = {isa = PBXBuildFile; fileRef = D9904F9325039EF4005159CD /* ProductsView.swift */; };
		D9904F972503A5AA005159CD /* BaseViewModel.swift in Sources */ = {isa = PBXBuildFile; fileRef = D9904F962503A5AA005159CD /* BaseViewModel.swift */; };
		D9904F992503A8A5005159CD /* ManageProductView.swift in Sources */ = {isa = PBXBuildFile; fileRef = D9904F982503A8A5005159CD /* ManageProductView.swift */; };
		D9904F9B2503A903005159CD /* PickersProviders.swift in Sources */ = {isa = PBXBuildFile; fileRef = D9904F9A2503A903005159CD /* PickersProviders.swift */; };
		D999767825003962004C9767 /* PricingView.swift in Sources */ = {isa = PBXBuildFile; fileRef = D999767725003962004C9767 /* PricingView.swift */; };
		D9ABB30B247A95E500107707 /* ActivityIndicator.swift in Sources */ = {isa = PBXBuildFile; fileRef = D9ABB30A247A95E500107707 /* ActivityIndicator.swift */; };
		D9ABB30F247AAD7900107707 /* ConfigurationView.swift in Sources */ = {isa = PBXBuildFile; fileRef = D9ABB30E247AAD7900107707 /* ConfigurationView.swift */; };
		D9ABB311247AB0AD00107707 /* ConfigurationViewModel.swift in Sources */ = {isa = PBXBuildFile; fileRef = D9ABB310247AB0AD00107707 /* ConfigurationViewModel.swift */; };
		D9B6A8C224F11FA8005437D9 /* SettingsView.swift in Sources */ = {isa = PBXBuildFile; fileRef = D9B6A8C124F11FA8005437D9 /* SettingsView.swift */; };
		D9B799A62516C50D00707EC6 /* MoreView.swift in Sources */ = {isa = PBXBuildFile; fileRef = D9B799A52516C50D00707EC6 /* MoreView.swift */; };
		D9C59D482470717F00569FC8 /* AppDelegate.swift in Sources */ = {isa = PBXBuildFile; fileRef = D9C59D472470717F00569FC8 /* AppDelegate.swift */; };
		D9C59D4A2470717F00569FC8 /* SceneDelegate.swift in Sources */ = {isa = PBXBuildFile; fileRef = D9C59D492470717F00569FC8 /* SceneDelegate.swift */; };
		D9C59D4C2470717F00569FC8 /* ContentView.swift in Sources */ = {isa = PBXBuildFile; fileRef = D9C59D4B2470717F00569FC8 /* ContentView.swift */; };
		D9C59D4E2470718000569FC8 /* Assets.xcassets in Resources */ = {isa = PBXBuildFile; fileRef = D9C59D4D2470718000569FC8 /* Assets.xcassets */; };
		D9C59D512470718000569FC8 /* Preview Assets.xcassets in Resources */ = {isa = PBXBuildFile; fileRef = D9C59D502470718000569FC8 /* Preview Assets.xcassets */; };
		D9C59D542470718000569FC8 /* LaunchScreen.storyboard in Resources */ = {isa = PBXBuildFile; fileRef = D9C59D522470718000569FC8 /* LaunchScreen.storyboard */; };
		D9C59D612470762100569FC8 /* OrdersViewModel.swift in Sources */ = {isa = PBXBuildFile; fileRef = D9C59D602470762100569FC8 /* OrdersViewModel.swift */; };
		D9C59D632470885100569FC8 /* README.md in Resources */ = {isa = PBXBuildFile; fileRef = D9C59D622470885100569FC8 /* README.md */; };
		D9C59D652470889200569FC8 /* OrderView.swift in Sources */ = {isa = PBXBuildFile; fileRef = D9C59D642470889200569FC8 /* OrderView.swift */; };
		D9C6319225179FF200A7300F /* ManageFinanceView.swift in Sources */ = {isa = PBXBuildFile; fileRef = D9C6319125179FF200A7300F /* ManageFinanceView.swift */; };
		D9DE6C142502A38700C6A728 /* ManagePricingItemView.swift in Sources */ = {isa = PBXBuildFile; fileRef = D9DE6C132502A38700C6A728 /* ManagePricingItemView.swift */; };
/* End PBXBuildFile section */

/* Begin PBXFileReference section */
		5B29606CC2FD27C3A633913B /* FixedExpensesView.swift */ = {isa = PBXFileReference; fileEncoding = 4; lastKnownFileType = sourcecode.swift; path = FixedExpensesView.swift; sourceTree = "<group>"; };
		5B2963E1A1CBE357DB415326 /* ManageDatasheetView.swift */ = {isa = PBXFileReference; fileEncoding = 4; lastKnownFileType = sourcecode.swift; path = ManageDatasheetView.swift; sourceTree = "<group>"; };
		D92A82C124F145A800ED30BF /* ProfileView.swift */ = {isa = PBXFileReference; lastKnownFileType = sourcecode.swift; path = ProfileView.swift; sourceTree = "<group>"; };
		D92A82C324F1601200ED30BF /* BaseFormView.swift */ = {isa = PBXFileReference; lastKnownFileType = sourcecode.swift; path = BaseFormView.swift; sourceTree = "<group>"; };
		D950894E24D5568800D30648 /* ContentViewV2.swift */ = {isa = PBXFileReference; lastKnownFileType = sourcecode.swift; path = ContentViewV2.swift; sourceTree = "<group>"; };
		D950895024D5570000D30648 /* FinanceView.swift */ = {isa = PBXFileReference; lastKnownFileType = sourcecode.swift; path = FinanceView.swift; sourceTree = "<group>"; };
		D954AC1D25178D0200CE6A02 /* Banner.swift */ = {isa = PBXFileReference; lastKnownFileType = sourcecode.swift; path = Banner.swift; sourceTree = "<group>"; };
		D962EA5B24F53DA400D4F521 /* ManageFixedExpenses.swift */ = {isa = PBXFileReference; lastKnownFileType = sourcecode.swift; path = ManageFixedExpenses.swift; sourceTree = "<group>"; };
		D9663B7124FBADD100EFCCD5 /* DatasheetsView.swift */ = {isa = PBXFileReference; lastKnownFileType = sourcecode.swift; path = DatasheetsView.swift; sourceTree = "<group>"; };
		D9663B7424FBB0E000EFCCD5 /* BaseView.swift */ = {isa = PBXFileReference; lastKnownFileType = sourcecode.swift; path = BaseView.swift; sourceTree = "<group>"; };
		D9874DA2247A766D0018B243 /* ViewExtensions.swift */ = {isa = PBXFileReference; lastKnownFileType = sourcecode.swift; path = ViewExtensions.swift; sourceTree = "<group>"; };
		D9904F9325039EF4005159CD /* ProductsView.swift */ = {isa = PBXFileReference; lastKnownFileType = sourcecode.swift; path = ProductsView.swift; sourceTree = "<group>"; };
		D9904F962503A5AA005159CD /* BaseViewModel.swift */ = {isa = PBXFileReference; lastKnownFileType = sourcecode.swift; path = BaseViewModel.swift; sourceTree = "<group>"; };
		D9904F982503A8A5005159CD /* ManageProductView.swift */ = {isa = PBXFileReference; lastKnownFileType = sourcecode.swift; path = ManageProductView.swift; sourceTree = "<group>"; };
		D9904F9A2503A903005159CD /* PickersProviders.swift */ = {isa = PBXFileReference; lastKnownFileType = sourcecode.swift; path = PickersProviders.swift; sourceTree = "<group>"; };
		D999767725003962004C9767 /* PricingView.swift */ = {isa = PBXFileReference; lastKnownFileType = sourcecode.swift; path = PricingView.swift; sourceTree = "<group>"; };
		D9ABB30A247A95E500107707 /* ActivityIndicator.swift */ = {isa = PBXFileReference; lastKnownFileType = sourcecode.swift; path = ActivityIndicator.swift; sourceTree = "<group>"; };
		D9ABB30E247AAD7900107707 /* ConfigurationView.swift */ = {isa = PBXFileReference; lastKnownFileType = sourcecode.swift; path = ConfigurationView.swift; sourceTree = "<group>"; };
		D9ABB310247AB0AD00107707 /* ConfigurationViewModel.swift */ = {isa = PBXFileReference; lastKnownFileType = sourcecode.swift; path = ConfigurationViewModel.swift; sourceTree = "<group>"; };
		D9B6A8C124F11FA8005437D9 /* SettingsView.swift */ = {isa = PBXFileReference; lastKnownFileType = sourcecode.swift; path = SettingsView.swift; sourceTree = "<group>"; };
		D9B799A52516C50D00707EC6 /* MoreView.swift */ = {isa = PBXFileReference; lastKnownFileType = sourcecode.swift; path = MoreView.swift; sourceTree = "<group>"; };
		D9C59D442470717F00569FC8 /* HelloJussyWoo.app */ = {isa = PBXFileReference; explicitFileType = wrapper.application; includeInIndex = 0; path = HelloJussyWoo.app; sourceTree = BUILT_PRODUCTS_DIR; };
		D9C59D472470717F00569FC8 /* AppDelegate.swift */ = {isa = PBXFileReference; lastKnownFileType = sourcecode.swift; path = AppDelegate.swift; sourceTree = "<group>"; };
		D9C59D492470717F00569FC8 /* SceneDelegate.swift */ = {isa = PBXFileReference; lastKnownFileType = sourcecode.swift; path = SceneDelegate.swift; sourceTree = "<group>"; };
		D9C59D4B2470717F00569FC8 /* ContentView.swift */ = {isa = PBXFileReference; lastKnownFileType = sourcecode.swift; path = ContentView.swift; sourceTree = "<group>"; };
		D9C59D4D2470718000569FC8 /* Assets.xcassets */ = {isa = PBXFileReference; lastKnownFileType = folder.assetcatalog; path = Assets.xcassets; sourceTree = "<group>"; };
		D9C59D502470718000569FC8 /* Preview Assets.xcassets */ = {isa = PBXFileReference; lastKnownFileType = folder.assetcatalog; path = "Preview Assets.xcassets"; sourceTree = "<group>"; };
		D9C59D532470718000569FC8 /* Base */ = {isa = PBXFileReference; lastKnownFileType = file.storyboard; name = Base; path = Base.lproj/LaunchScreen.storyboard; sourceTree = "<group>"; };
		D9C59D552470718000569FC8 /* Info.plist */ = {isa = PBXFileReference; lastKnownFileType = text.plist.xml; path = Info.plist; sourceTree = "<group>"; };
		D9C59D602470762100569FC8 /* OrdersViewModel.swift */ = {isa = PBXFileReference; lastKnownFileType = sourcecode.swift; path = OrdersViewModel.swift; sourceTree = "<group>"; };
		D9C59D622470885100569FC8 /* README.md */ = {isa = PBXFileReference; fileEncoding = 4; lastKnownFileType = net.daringfireball.markdown; path = README.md; sourceTree = "<group>"; };
		D9C59D642470889200569FC8 /* OrderView.swift */ = {isa = PBXFileReference; lastKnownFileType = sourcecode.swift; path = OrderView.swift; sourceTree = "<group>"; };
		D9C6319125179FF200A7300F /* ManageFinanceView.swift */ = {isa = PBXFileReference; lastKnownFileType = sourcecode.swift; path = ManageFinanceView.swift; sourceTree = "<group>"; };
		D9DE6C132502A38700C6A728 /* ManagePricingItemView.swift */ = {isa = PBXFileReference; lastKnownFileType = sourcecode.swift; path = ManagePricingItemView.swift; sourceTree = "<group>"; };
		D9F8D6EF247179C0004F43FF /* Data */ = {isa = PBXFileReference; lastKnownFileType = text; path = Data; sourceTree = SOURCE_ROOT; };
/* End PBXFileReference section */

/* Begin PBXFrameworksBuildPhase section */
		D9C59D412470717F00569FC8 /* Frameworks */ = {
			isa = PBXFrameworksBuildPhase;
			buildActionMask = 2147483647;
			files = (
				D93257432506982100FA311E /* SwiftUIRefresh in Frameworks */,
				D9663B7024FBADA400EFCCD5 /* Data in Frameworks */,
				D9663B7824FBBB7400EFCCD5 /* ASCollectionView in Frameworks */,
				D9663B6F24FBADA400EFCCD5 /* Alamofire in Frameworks */,
			);
			runOnlyForDeploymentPostprocessing = 0;
		};
/* End PBXFrameworksBuildPhase section */

/* Begin PBXGroup section */
		D962EA5D24F5451B00D4F521 /* FixedExpenses */ = {
			isa = PBXGroup;
			children = (
				5B29606CC2FD27C3A633913B /* FixedExpensesView.swift */,
				D962EA5B24F53DA400D4F521 /* ManageFixedExpenses.swift */,
			);
			path = FixedExpenses;
			sourceTree = "<group>";
		};
		D9663B7324FBB04600EFCCD5 /* Datasheet */ = {
			isa = PBXGroup;
			children = (
				5B2963E1A1CBE357DB415326 /* ManageDatasheetView.swift */,
				D9663B7124FBADD100EFCCD5 /* DatasheetsView.swift */,
			);
			path = Datasheet;
			sourceTree = "<group>";
		};
		D9904F9525039EF9005159CD /* Products */ = {
			isa = PBXGroup;
			children = (
				D9904F9325039EF4005159CD /* ProductsView.swift */,
				D9904F982503A8A5005159CD /* ManageProductView.swift */,
			);
			path = Products;
			sourceTree = "<group>";
		};
		D999767925003967004C9767 /* Pricing */ = {
			isa = PBXGroup;
			children = (
				D999767725003962004C9767 /* PricingView.swift */,
				D9DE6C132502A38700C6A728 /* ManagePricingItemView.swift */,
			);
			path = Pricing;
			sourceTree = "<group>";
		};
		D9ABB30C247A964E00107707 /* UI */ = {
			isa = PBXGroup;
			children = (
				D9B799A82516C52900707EC6 /* Base */,
				D9B799B02516C58A00707EC6 /* Woo */,
				D9B799AA2516C53900707EC6 /* Finance */,
				D962EA5D24F5451B00D4F521 /* FixedExpenses */,
				D9B799AC2516C55600707EC6 /* Settings */,
				D9663B7324FBB04600EFCCD5 /* Datasheet */,
				D999767925003967004C9767 /* Pricing */,
				D9904F9525039EF9005159CD /* Products */,
				D9B799A52516C50D00707EC6 /* MoreView.swift */,
			);
			path = UI;
			sourceTree = "<group>";
		};
		D9ABB30D247A966200107707 /* ViewModel */ = {
			isa = PBXGroup;
			children = (
				D9C59D602470762100569FC8 /* OrdersViewModel.swift */,
				D9ABB310247AB0AD00107707 /* ConfigurationViewModel.swift */,
				D9904F962503A5AA005159CD /* BaseViewModel.swift */,
			);
			path = ViewModel;
			sourceTree = "<group>";
		};
		D9B799A82516C52900707EC6 /* Base */ = {
			isa = PBXGroup;
			children = (
				D9B799AE2516C56C00707EC6 /* Pickers */,
				D9874DA2247A766D0018B243 /* ViewExtensions.swift */,
				D9ABB30A247A95E500107707 /* ActivityIndicator.swift */,
				D9663B7424FBB0E000EFCCD5 /* BaseView.swift */,
				D92A82C324F1601200ED30BF /* BaseFormView.swift */,
				D954AC1D25178D0200CE6A02 /* Banner.swift */,
			);
			path = Base;
			sourceTree = "<group>";
		};
		D9B799AA2516C53900707EC6 /* Finance */ = {
			isa = PBXGroup;
			children = (
				D950895024D5570000D30648 /* FinanceView.swift */,
				D9C6319125179FF200A7300F /* ManageFinanceView.swift */,
			);
			path = Finance;
			sourceTree = "<group>";
		};
		D9B799AC2516C55600707EC6 /* Settings */ = {
			isa = PBXGroup;
			children = (
				D9B6A8C124F11FA8005437D9 /* SettingsView.swift */,
				D92A82C124F145A800ED30BF /* ProfileView.swift */,
			);
			path = Settings;
			sourceTree = "<group>";
		};
		D9B799AE2516C56C00707EC6 /* Pickers */ = {
			isa = PBXGroup;
			children = (
				D9904F9A2503A903005159CD /* PickersProviders.swift */,
			);
			path = Pickers;
			sourceTree = "<group>";
		};
		D9B799B02516C58A00707EC6 /* Woo */ = {
			isa = PBXGroup;
			children = (
				D9C59D642470889200569FC8 /* OrderView.swift */,
				D9ABB30E247AAD7900107707 /* ConfigurationView.swift */,
			);
			path = Woo;
			sourceTree = "<group>";
		};
		D9C59D3B2470717F00569FC8 = {
			isa = PBXGroup;
			children = (
				D9C59D462470717F00569FC8 /* HelloJussyWoo */,
				D9C59D452470717F00569FC8 /* Products */,
				D9F8D6EC24717777004F43FF /* Frameworks */,
			);
			sourceTree = "<group>";
		};
		D9C59D452470717F00569FC8 /* Products */ = {
			isa = PBXGroup;
			children = (
				D9C59D442470717F00569FC8 /* HelloJussyWoo.app */,
			);
			name = Products;
			sourceTree = "<group>";
		};
		D9C59D462470717F00569FC8 /* HelloJussyWoo */ = {
			isa = PBXGroup;
			children = (
				D9F8D6EF247179C0004F43FF /* Data */,
				D9C59D622470885100569FC8 /* README.md */,
				D9C59D472470717F00569FC8 /* AppDelegate.swift */,
				D9C59D492470717F00569FC8 /* SceneDelegate.swift */,
				D950894E24D5568800D30648 /* ContentViewV2.swift */,
				D9C59D4B2470717F00569FC8 /* ContentView.swift */,
				D9C59D4D2470718000569FC8 /* Assets.xcassets */,
				D9C59D522470718000569FC8 /* LaunchScreen.storyboard */,
				D9C59D552470718000569FC8 /* Info.plist */,
				D9C59D4F2470718000569FC8 /* Preview Content */,
				D9ABB30D247A966200107707 /* ViewModel */,
				D9ABB30C247A964E00107707 /* UI */,
			);
			path = HelloJussyWoo;
			sourceTree = "<group>";
		};
		D9C59D4F2470718000569FC8 /* Preview Content */ = {
			isa = PBXGroup;
			children = (
				D9C59D502470718000569FC8 /* Preview Assets.xcassets */,
			);
			path = "Preview Content";
			sourceTree = "<group>";
		};
		D9F8D6EC24717777004F43FF /* Frameworks */ = {
			isa = PBXGroup;
			children = (
			);
			name = Frameworks;
			sourceTree = "<group>";
		};
/* End PBXGroup section */

/* Begin PBXNativeTarget section */
		D9C59D432470717F00569FC8 /* HelloJussyWoo */ = {
			isa = PBXNativeTarget;
			buildConfigurationList = D9C59D582470718000569FC8 /* Build configuration list for PBXNativeTarget "HelloJussyWoo" */;
			buildPhases = (
				D9C59D402470717F00569FC8 /* Sources */,
				D9C59D412470717F00569FC8 /* Frameworks */,
				D9C59D422470717F00569FC8 /* Resources */,
			);
			buildRules = (
			);
			dependencies = (
			);
			name = HelloJussyWoo;
			packageProductDependencies = (
				D9C59D5E2470728000569FC8 /* Alamofire */,
				D9F8D6F0247179E6004F43FF /* Data */,
				D9663B7724FBBB7400EFCCD5 /* ASCollectionView */,
				D93257422506982100FA311E /* SwiftUIRefresh */,
			);
			productName = HelloJussyWoo;
			productReference = D9C59D442470717F00569FC8 /* HelloJussyWoo.app */;
			productType = "com.apple.product-type.application";
		};
/* End PBXNativeTarget section */

/* Begin PBXProject section */
		D9C59D3C2470717F00569FC8 /* Project object */ = {
			isa = PBXProject;
			attributes = {
				LastSwiftUpdateCheck = 1140;
				LastUpgradeCheck = 1140;
				ORGANIZATIONNAME = "Diogo Ribeiro";
				TargetAttributes = {
					D9C59D432470717F00569FC8 = {
						CreatedOnToolsVersion = 11.4.1;
					};
				};
			};
			buildConfigurationList = D9C59D3F2470717F00569FC8 /* Build configuration list for PBXProject "HelloJussyWoo" */;
			compatibilityVersion = "Xcode 9.3";
			developmentRegion = en;
			hasScannedForEncodings = 0;
			knownRegions = (
				en,
				Base,
			);
			mainGroup = D9C59D3B2470717F00569FC8;
			packageReferences = (
				D9C59D5D2470728000569FC8 /* XCRemoteSwiftPackageReference "Alamofire" */,
				D9663B7624FBBB7400EFCCD5 /* XCRemoteSwiftPackageReference "ASCollectionView" */,
				D93257412506982100FA311E /* XCRemoteSwiftPackageReference "SwiftUIRefresh" */,
			);
			productRefGroup = D9C59D452470717F00569FC8 /* Products */;
			projectDirPath = "";
			projectRoot = "";
			targets = (
				D9C59D432470717F00569FC8 /* HelloJussyWoo */,
			);
		};
/* End PBXProject section */

/* Begin PBXResourcesBuildPhase section */
		D9C59D422470717F00569FC8 /* Resources */ = {
			isa = PBXResourcesBuildPhase;
			buildActionMask = 2147483647;
			files = (
				D9C59D542470718000569FC8 /* LaunchScreen.storyboard in Resources */,
				D9C59D512470718000569FC8 /* Preview Assets.xcassets in Resources */,
				D9C59D632470885100569FC8 /* README.md in Resources */,
				D9C59D4E2470718000569FC8 /* Assets.xcassets in Resources */,
			);
			runOnlyForDeploymentPostprocessing = 0;
		};
/* End PBXResourcesBuildPhase section */

/* Begin PBXSourcesBuildPhase section */
		D9C59D402470717F00569FC8 /* Sources */ = {
			isa = PBXSourcesBuildPhase;
			buildActionMask = 2147483647;
			files = (
				D9C59D482470717F00569FC8 /* AppDelegate.swift in Sources */,
				D9C59D4A2470717F00569FC8 /* SceneDelegate.swift in Sources */,
				D9C59D652470889200569FC8 /* OrderView.swift in Sources */,
				D9DE6C142502A38700C6A728 /* ManagePricingItemView.swift in Sources */,
				D9904F972503A5AA005159CD /* BaseViewModel.swift in Sources */,
				D9B799A62516C50D00707EC6 /* MoreView.swift in Sources */,
				D9C59D4C2470717F00569FC8 /* ContentView.swift in Sources */,
				D9B6A8C224F11FA8005437D9 /* SettingsView.swift in Sources */,
				D9ABB311247AB0AD00107707 /* ConfigurationViewModel.swift in Sources */,
				D9ABB30B247A95E500107707 /* ActivityIndicator.swift in Sources */,
				D999767825003962004C9767 /* PricingView.swift in Sources */,
				D950894F24D5568800D30648 /* ContentViewV2.swift in Sources */,
				D962EA5C24F53DA400D4F521 /* ManageFixedExpenses.swift in Sources */,
				D9663B7224FBADD100EFCCD5 /* DatasheetsView.swift in Sources */,
				D950895124D5570000D30648 /* FinanceView.swift in Sources */,
				D92A82C424F1601200ED30BF /* BaseFormView.swift in Sources */,
				D9ABB30F247AAD7900107707 /* ConfigurationView.swift in Sources */,
				D9874DA3247A766D0018B243 /* ViewExtensions.swift in Sources */,
				D9C59D612470762100569FC8 /* OrdersViewModel.swift in Sources */,
				D92A82C224F145A800ED30BF /* ProfileView.swift in Sources */,
				D954AC1E25178D0200CE6A02 /* Banner.swift in Sources */,
				D9904F9425039EF4005159CD /* ProductsView.swift in Sources */,
				D9C6319225179FF200A7300F /* ManageFinanceView.swift in Sources */,
				D9663B7524FBB0E000EFCCD5 /* BaseView.swift in Sources */,
				D9904F992503A8A5005159CD /* ManageProductView.swift in Sources */,
				D9904F9B2503A903005159CD /* PickersProviders.swift in Sources */,
				5B2963FAC60AE40E9FCC6EBE /* FixedExpensesView.swift in Sources */,
				5B2961E0CA496B08B76DE793 /* ManageDatasheetView.swift in Sources */,
			);
			runOnlyForDeploymentPostprocessing = 0;
		};
/* End PBXSourcesBuildPhase section */

/* Begin PBXVariantGroup section */
		D9C59D522470718000569FC8 /* LaunchScreen.storyboard */ = {
			isa = PBXVariantGroup;
			children = (
				D9C59D532470718000569FC8 /* Base */,
			);
			name = LaunchScreen.storyboard;
			sourceTree = "<group>";
		};
/* End PBXVariantGroup section */

/* Begin XCBuildConfiguration section */
		D9C59D562470718000569FC8 /* Debug */ = {
			isa = XCBuildConfiguration;
			buildSettings = {
				ALWAYS_SEARCH_USER_PATHS = NO;
				CLANG_ANALYZER_NONNULL = YES;
				CLANG_ANALYZER_NUMBER_OBJECT_CONVERSION = YES_AGGRESSIVE;
				CLANG_CXX_LANGUAGE_STANDARD = "gnu++14";
				CLANG_CXX_LIBRARY = "libc++";
				CLANG_ENABLE_MODULES = YES;
				CLANG_ENABLE_OBJC_ARC = YES;
				CLANG_ENABLE_OBJC_WEAK = YES;
				CLANG_WARN_BLOCK_CAPTURE_AUTORELEASING = YES;
				CLANG_WARN_BOOL_CONVERSION = YES;
				CLANG_WARN_COMMA = YES;
				CLANG_WARN_CONSTANT_CONVERSION = YES;
				CLANG_WARN_DEPRECATED_OBJC_IMPLEMENTATIONS = YES;
				CLANG_WARN_DIRECT_OBJC_ISA_USAGE = YES_ERROR;
				CLANG_WARN_DOCUMENTATION_COMMENTS = YES;
				CLANG_WARN_EMPTY_BODY = YES;
				CLANG_WARN_ENUM_CONVERSION = YES;
				CLANG_WARN_INFINITE_RECURSION = YES;
				CLANG_WARN_INT_CONVERSION = YES;
				CLANG_WARN_NON_LITERAL_NULL_CONVERSION = YES;
				CLANG_WARN_OBJC_IMPLICIT_RETAIN_SELF = YES;
				CLANG_WARN_OBJC_LITERAL_CONVERSION = YES;
				CLANG_WARN_OBJC_ROOT_CLASS = YES_ERROR;
				CLANG_WARN_RANGE_LOOP_ANALYSIS = YES;
				CLANG_WARN_STRICT_PROTOTYPES = YES;
				CLANG_WARN_SUSPICIOUS_MOVE = YES;
				CLANG_WARN_UNGUARDED_AVAILABILITY = YES_AGGRESSIVE;
				CLANG_WARN_UNREACHABLE_CODE = YES;
				CLANG_WARN__DUPLICATE_METHOD_MATCH = YES;
				COPY_PHASE_STRIP = NO;
				DEBUG_INFORMATION_FORMAT = dwarf;
				ENABLE_STRICT_OBJC_MSGSEND = YES;
				ENABLE_TESTABILITY = YES;
				GCC_C_LANGUAGE_STANDARD = gnu11;
				GCC_DYNAMIC_NO_PIC = NO;
				GCC_NO_COMMON_BLOCKS = YES;
				GCC_OPTIMIZATION_LEVEL = 0;
				GCC_PREPROCESSOR_DEFINITIONS = (
					"DEBUG=1",
					"$(inherited)",
				);
				GCC_WARN_64_TO_32_BIT_CONVERSION = YES;
				GCC_WARN_ABOUT_RETURN_TYPE = YES_ERROR;
				GCC_WARN_UNDECLARED_SELECTOR = YES;
				GCC_WARN_UNINITIALIZED_AUTOS = YES_AGGRESSIVE;
				GCC_WARN_UNUSED_FUNCTION = YES;
				GCC_WARN_UNUSED_VARIABLE = YES;
				IPHONEOS_DEPLOYMENT_TARGET = 13.4;
				MTL_ENABLE_DEBUG_INFO = INCLUDE_SOURCE;
				MTL_FAST_MATH = YES;
				ONLY_ACTIVE_ARCH = YES;
				SDKROOT = iphoneos;
				SWIFT_ACTIVE_COMPILATION_CONDITIONS = DEBUG;
				SWIFT_OPTIMIZATION_LEVEL = "-Onone";
			};
			name = Debug;
		};
		D9C59D572470718000569FC8 /* Release */ = {
			isa = XCBuildConfiguration;
			buildSettings = {
				ALWAYS_SEARCH_USER_PATHS = NO;
				CLANG_ANALYZER_NONNULL = YES;
				CLANG_ANALYZER_NUMBER_OBJECT_CONVERSION = YES_AGGRESSIVE;
				CLANG_CXX_LANGUAGE_STANDARD = "gnu++14";
				CLANG_CXX_LIBRARY = "libc++";
				CLANG_ENABLE_MODULES = YES;
				CLANG_ENABLE_OBJC_ARC = YES;
				CLANG_ENABLE_OBJC_WEAK = YES;
				CLANG_WARN_BLOCK_CAPTURE_AUTORELEASING = YES;
				CLANG_WARN_BOOL_CONVERSION = YES;
				CLANG_WARN_COMMA = YES;
				CLANG_WARN_CONSTANT_CONVERSION = YES;
				CLANG_WARN_DEPRECATED_OBJC_IMPLEMENTATIONS = YES;
				CLANG_WARN_DIRECT_OBJC_ISA_USAGE = YES_ERROR;
				CLANG_WARN_DOCUMENTATION_COMMENTS = YES;
				CLANG_WARN_EMPTY_BODY = YES;
				CLANG_WARN_ENUM_CONVERSION = YES;
				CLANG_WARN_INFINITE_RECURSION = YES;
				CLANG_WARN_INT_CONVERSION = YES;
				CLANG_WARN_NON_LITERAL_NULL_CONVERSION = YES;
				CLANG_WARN_OBJC_IMPLICIT_RETAIN_SELF = YES;
				CLANG_WARN_OBJC_LITERAL_CONVERSION = YES;
				CLANG_WARN_OBJC_ROOT_CLASS = YES_ERROR;
				CLANG_WARN_RANGE_LOOP_ANALYSIS = YES;
				CLANG_WARN_STRICT_PROTOTYPES = YES;
				CLANG_WARN_SUSPICIOUS_MOVE = YES;
				CLANG_WARN_UNGUARDED_AVAILABILITY = YES_AGGRESSIVE;
				CLANG_WARN_UNREACHABLE_CODE = YES;
				CLANG_WARN__DUPLICATE_METHOD_MATCH = YES;
				COPY_PHASE_STRIP = NO;
				DEBUG_INFORMATION_FORMAT = "dwarf-with-dsym";
				ENABLE_NS_ASSERTIONS = NO;
				ENABLE_STRICT_OBJC_MSGSEND = YES;
				GCC_C_LANGUAGE_STANDARD = gnu11;
				GCC_NO_COMMON_BLOCKS = YES;
				GCC_WARN_64_TO_32_BIT_CONVERSION = YES;
				GCC_WARN_ABOUT_RETURN_TYPE = YES_ERROR;
				GCC_WARN_UNDECLARED_SELECTOR = YES;
				GCC_WARN_UNINITIALIZED_AUTOS = YES_AGGRESSIVE;
				GCC_WARN_UNUSED_FUNCTION = YES;
				GCC_WARN_UNUSED_VARIABLE = YES;
				IPHONEOS_DEPLOYMENT_TARGET = 13.4;
				MTL_ENABLE_DEBUG_INFO = NO;
				MTL_FAST_MATH = YES;
				SDKROOT = iphoneos;
				SWIFT_COMPILATION_MODE = wholemodule;
				SWIFT_OPTIMIZATION_LEVEL = "-O";
				VALIDATE_PRODUCT = YES;
			};
			name = Release;
		};
		D9C59D592470718000569FC8 /* Debug */ = {
			isa = XCBuildConfiguration;
			buildSettings = {
				ASSETCATALOG_COMPILER_APPICON_NAME = AppIcon;
				CODE_SIGN_STYLE = Automatic;
				DEVELOPMENT_ASSET_PATHS = "\"HelloJussyWoo/Preview Content\"";
				DEVELOPMENT_TEAM = 4ELWDR5UH8;
				ENABLE_PREVIEWS = YES;
				INFOPLIST_FILE = HelloJussyWoo/Info.plist;
				LD_RUNPATH_SEARCH_PATHS = (
					"$(inherited)",
					"@executable_path/Frameworks",
				);
				PRODUCT_BUNDLE_IDENTIFIER = pt.hellojussy.woo.HelloJussyWoo;
				PRODUCT_NAME = "$(TARGET_NAME)";
				SWIFT_VERSION = 5.0;
				TARGETED_DEVICE_FAMILY = 1;
			};
			name = Debug;
		};
		D9C59D5A2470718000569FC8 /* Release */ = {
			isa = XCBuildConfiguration;
			buildSettings = {
				ASSETCATALOG_COMPILER_APPICON_NAME = AppIcon;
				CODE_SIGN_STYLE = Automatic;
				DEVELOPMENT_ASSET_PATHS = "\"HelloJussyWoo/Preview Content\"";
				DEVELOPMENT_TEAM = 4ELWDR5UH8;
				ENABLE_PREVIEWS = YES;
				INFOPLIST_FILE = HelloJussyWoo/Info.plist;
				LD_RUNPATH_SEARCH_PATHS = (
					"$(inherited)",
					"@executable_path/Frameworks",
				);
				PRODUCT_BUNDLE_IDENTIFIER = pt.hellojussy.woo.HelloJussyWoo;
				PRODUCT_NAME = "$(TARGET_NAME)";
				SWIFT_VERSION = 5.0;
				TARGETED_DEVICE_FAMILY = 1;
			};
			name = Release;
		};
/* End XCBuildConfiguration section */

/* Begin XCConfigurationList section */
		D9C59D3F2470717F00569FC8 /* Build configuration list for PBXProject "HelloJussyWoo" */ = {
			isa = XCConfigurationList;
			buildConfigurations = (
				D9C59D562470718000569FC8 /* Debug */,
				D9C59D572470718000569FC8 /* Release */,
			);
			defaultConfigurationIsVisible = 0;
			defaultConfigurationName = Release;
		};
		D9C59D582470718000569FC8 /* Build configuration list for PBXNativeTarget "HelloJussyWoo" */ = {
			isa = XCConfigurationList;
			buildConfigurations = (
				D9C59D592470718000569FC8 /* Debug */,
				D9C59D5A2470718000569FC8 /* Release */,
			);
			defaultConfigurationIsVisible = 0;
			defaultConfigurationName = Release;
		};
/* End XCConfigurationList section */

/* Begin XCRemoteSwiftPackageReference section */
		D93257412506982100FA311E /* XCRemoteSwiftPackageReference "SwiftUIRefresh" */ = {
			isa = XCRemoteSwiftPackageReference;
			repositoryURL = "https://github.com/timbersoftware/SwiftUIRefresh.git";
			requirement = {
				kind = upToNextMajorVersion;
				minimumVersion = 0.0.3;
			};
		};
		D9663B7624FBBB7400EFCCD5 /* XCRemoteSwiftPackageReference "ASCollectionView" */ = {
			isa = XCRemoteSwiftPackageReference;
			repositoryURL = "https://github.com/apptekstudios/ASCollectionView";
			requirement = {
				kind = upToNextMajorVersion;
				minimumVersion = 1.7.1;
			};
		};
		D9C59D5D2470728000569FC8 /* XCRemoteSwiftPackageReference "Alamofire" */ = {
			isa = XCRemoteSwiftPackageReference;
			repositoryURL = "https://github.com/Alamofire/Alamofire.git";
			requirement = {
				kind = upToNextMajorVersion;
				minimumVersion = 5.1.0;
			};
		};
/* End XCRemoteSwiftPackageReference section */

/* Begin XCSwiftPackageProductDependency section */
		D93257422506982100FA311E /* SwiftUIRefresh */ = {
			isa = XCSwiftPackageProductDependency;
			package = D93257412506982100FA311E /* XCRemoteSwiftPackageReference "SwiftUIRefresh" */;
			productName = SwiftUIRefresh;
		};
		D9663B7724FBBB7400EFCCD5 /* ASCollectionView */ = {
			isa = XCSwiftPackageProductDependency;
			package = D9663B7624FBBB7400EFCCD5 /* XCRemoteSwiftPackageReference "ASCollectionView" */;
			productName = ASCollectionView;
		};
		D9C59D5E2470728000569FC8 /* Alamofire */ = {
			isa = XCSwiftPackageProductDependency;
			package = D9C59D5D2470728000569FC8 /* XCRemoteSwiftPackageReference "Alamofire" */;
			productName = Alamofire;
		};
		D9F8D6F0247179E6004F43FF /* Data */ = {
			isa = XCSwiftPackageProductDependency;
			productName = Data;
		};
/* End XCSwiftPackageProductDependency section */
	};
	rootObject = D9C59D3C2470717F00569FC8 /* Project object */;
}
